// !$*UTF8*$!
{
	archiveVersion = 1;
	classes = {
	};
	objectVersion = 55;
	objects = {

/* Begin PBXBuildFile section */
		842E15DF28FA60E10050F003 /* AppDelegate.swift in Sources */ = {isa = PBXBuildFile; fileRef = 842E15DE28FA60E10050F003 /* AppDelegate.swift */; };
		842E15E128FA60E10050F003 /* SceneDelegate.swift in Sources */ = {isa = PBXBuildFile; fileRef = 842E15E028FA60E10050F003 /* SceneDelegate.swift */; };
		842E15E328FA60E10050F003 /* LessonsVC.swift in Sources */ = {isa = PBXBuildFile; fileRef = 842E15E228FA60E10050F003 /* LessonsVC.swift */; };
		842E15E628FA60E10050F003 /* Main.storyboard in Resources */ = {isa = PBXBuildFile; fileRef = 842E15E428FA60E10050F003 /* Main.storyboard */; };
		842E15E828FA60E30050F003 /* Assets.xcassets in Resources */ = {isa = PBXBuildFile; fileRef = 842E15E728FA60E30050F003 /* Assets.xcassets */; };
		842E15EB28FA60E30050F003 /* LaunchScreen.storyboard in Resources */ = {isa = PBXBuildFile; fileRef = 842E15E928FA60E30050F003 /* LaunchScreen.storyboard */; };
		842E15F928FA633F0050F003 /* Extensions.swift in Sources */ = {isa = PBXBuildFile; fileRef = 842E15F828FA633F0050F003 /* Extensions.swift */; };
		842E15FC28FA7CF10050F003 /* PlayPauseButton.swift in Sources */ = {isa = PBXBuildFile; fileRef = 842E15FB28FA7CF10050F003 /* PlayPauseButton.swift */; };
		842E15FF28FA85AE0050F003 /* Urbanist-Bold.ttf in Resources */ = {isa = PBXBuildFile; fileRef = 842E15FE28FA85AE0050F003 /* Urbanist-Bold.ttf */; };
		8441AA9A28FAAC0C005884E0 /* HeaderView.xib in Resources */ = {isa = PBXBuildFile; fileRef = 8441AA9928FAAC0C005884E0 /* HeaderView.xib */; };
		8441AA9C28FAADFE005884E0 /* Urbanist-SemiBold.ttf in Resources */ = {isa = PBXBuildFile; fileRef = 8441AA9B28FAADFE005884E0 /* Urbanist-SemiBold.ttf */; };
		8441AA9E28FAB005005884E0 /* Urbanist-Medium.ttf in Resources */ = {isa = PBXBuildFile; fileRef = 8441AA9D28FAB005005884E0 /* Urbanist-Medium.ttf */; };
		8441AAA028FABD06005884E0 /* HeaderView.swift in Sources */ = {isa = PBXBuildFile; fileRef = 8441AA9F28FABD06005884E0 /* HeaderView.swift */; };
		84737BBA28FC59E000FFA95B /* TopicsCell.swift in Sources */ = {isa = PBXBuildFile; fileRef = 84737BB928FC59E000FFA95B /* TopicsCell.swift */; };
		84737BBD28FC6D2A00FFA95B /* SectionInfo.swift in Sources */ = {isa = PBXBuildFile; fileRef = 84737BBC28FC6D2A00FFA95B /* SectionInfo.swift */; };
		84737BC028FC6DF900FFA95B /* DummyData.swift in Sources */ = {isa = PBXBuildFile; fileRef = 84737BBF28FC6DF900FFA95B /* DummyData.swift */; };
		84737BC228FC72A500FFA95B /* LessonsInfo.swift in Sources */ = {isa = PBXBuildFile; fileRef = 84737BC128FC72A500FFA95B /* LessonsInfo.swift */; };
		84737BC428FCA25A00FFA95B /* LessionsVM.swift in Sources */ = {isa = PBXBuildFile; fileRef = 84737BC328FCA25A00FFA95B /* LessionsVM.swift */; };
		84B46BA028FAFC0C0057EF1A /* FooterView.xib in Resources */ = {isa = PBXBuildFile; fileRef = 84B46B9F28FAFC0C0057EF1A /* FooterView.xib */; };
		84B46BA228FAFF7D0057EF1A /* FooterView.swift in Sources */ = {isa = PBXBuildFile; fileRef = 84B46BA128FAFF7D0057EF1A /* FooterView.swift */; };
		84B46BA428FC2F120057EF1A /* StartVC.swift in Sources */ = {isa = PBXBuildFile; fileRef = 84B46BA328FC2F120057EF1A /* StartVC.swift */; };
		84B46BAC28FC4EEA0057EF1A /* SectionHeaderCell.swift in Sources */ = {isa = PBXBuildFile; fileRef = 84B46BAB28FC4EEA0057EF1A /* SectionHeaderCell.swift */; };
		FC2584880F05CA1F94985D80 /* Pods_Elearning_IOS.framework in Frameworks */ = {isa = PBXBuildFile; fileRef = 2D8F6EB4596C3A75041164F5 /* Pods_Elearning_IOS.framework */; };
/* End PBXBuildFile section */

/* Begin PBXFileReference section */
		2D8F6EB4596C3A75041164F5 /* Pods_Elearning_IOS.framework */ = {isa = PBXFileReference; explicitFileType = wrapper.framework; includeInIndex = 0; path = Pods_Elearning_IOS.framework; sourceTree = BUILT_PRODUCTS_DIR; };
		369DD9C60F7670B64C19F419 /* Pods-Elearning_IOS.debug.xcconfig */ = {isa = PBXFileReference; includeInIndex = 1; lastKnownFileType = text.xcconfig; name = "Pods-Elearning_IOS.debug.xcconfig"; path = "Target Support Files/Pods-Elearning_IOS/Pods-Elearning_IOS.debug.xcconfig"; sourceTree = "<group>"; };
		842E15DB28FA60E10050F003 /* Elearning_IOS.app */ = {isa = PBXFileReference; explicitFileType = wrapper.application; includeInIndex = 0; path = Elearning_IOS.app; sourceTree = BUILT_PRODUCTS_DIR; };
		842E15DE28FA60E10050F003 /* AppDelegate.swift */ = {isa = PBXFileReference; lastKnownFileType = sourcecode.swift; path = AppDelegate.swift; sourceTree = "<group>"; };
		842E15E028FA60E10050F003 /* SceneDelegate.swift */ = {isa = PBXFileReference; lastKnownFileType = sourcecode.swift; path = SceneDelegate.swift; sourceTree = "<group>"; };
		842E15E228FA60E10050F003 /* LessonsVC.swift */ = {isa = PBXFileReference; lastKnownFileType = sourcecode.swift; path = LessonsVC.swift; sourceTree = "<group>"; };
		842E15E528FA60E10050F003 /* Base */ = {isa = PBXFileReference; lastKnownFileType = file.storyboard; name = Base; path = Base.lproj/Main.storyboard; sourceTree = "<group>"; };
		842E15E728FA60E30050F003 /* Assets.xcassets */ = {isa = PBXFileReference; lastKnownFileType = folder.assetcatalog; path = Assets.xcassets; sourceTree = "<group>"; };
		842E15EA28FA60E30050F003 /* Base */ = {isa = PBXFileReference; lastKnownFileType = file.storyboard; name = Base; path = Base.lproj/LaunchScreen.storyboard; sourceTree = "<group>"; };
		842E15EC28FA60E30050F003 /* Info.plist */ = {isa = PBXFileReference; lastKnownFileType = text.plist.xml; path = Info.plist; sourceTree = "<group>"; };
		842E15F828FA633F0050F003 /* Extensions.swift */ = {isa = PBXFileReference; lastKnownFileType = sourcecode.swift; path = Extensions.swift; sourceTree = "<group>"; };
		842E15FB28FA7CF10050F003 /* PlayPauseButton.swift */ = {isa = PBXFileReference; lastKnownFileType = sourcecode.swift; path = PlayPauseButton.swift; sourceTree = "<group>"; };
		842E15FE28FA85AE0050F003 /* Urbanist-Bold.ttf */ = {isa = PBXFileReference; lastKnownFileType = file; path = "Urbanist-Bold.ttf"; sourceTree = "<group>"; };
		8441AA9928FAAC0C005884E0 /* HeaderView.xib */ = {isa = PBXFileReference; lastKnownFileType = file.xib; path = HeaderView.xib; sourceTree = "<group>"; };
		8441AA9B28FAADFE005884E0 /* Urbanist-SemiBold.ttf */ = {isa = PBXFileReference; lastKnownFileType = file; path = "Urbanist-SemiBold.ttf"; sourceTree = "<group>"; };
		8441AA9D28FAB005005884E0 /* Urbanist-Medium.ttf */ = {isa = PBXFileReference; lastKnownFileType = file; path = "Urbanist-Medium.ttf"; sourceTree = "<group>"; };
		8441AA9F28FABD06005884E0 /* HeaderView.swift */ = {isa = PBXFileReference; lastKnownFileType = sourcecode.swift; path = HeaderView.swift; sourceTree = "<group>"; };
		84737BB928FC59E000FFA95B /* TopicsCell.swift */ = {isa = PBXFileReference; lastKnownFileType = sourcecode.swift; path = TopicsCell.swift; sourceTree = "<group>"; };
		84737BBC28FC6D2A00FFA95B /* SectionInfo.swift */ = {isa = PBXFileReference; lastKnownFileType = sourcecode.swift; path = SectionInfo.swift; sourceTree = "<group>"; };
		84737BBF28FC6DF900FFA95B /* DummyData.swift */ = {isa = PBXFileReference; lastKnownFileType = sourcecode.swift; path = DummyData.swift; sourceTree = "<group>"; };
		84737BC128FC72A500FFA95B /* LessonsInfo.swift */ = {isa = PBXFileReference; lastKnownFileType = sourcecode.swift; path = LessonsInfo.swift; sourceTree = "<group>"; };
		84737BC328FCA25A00FFA95B /* LessionsVM.swift */ = {isa = PBXFileReference; lastKnownFileType = sourcecode.swift; path = LessionsVM.swift; sourceTree = "<group>"; };
		84B46B9F28FAFC0C0057EF1A /* FooterView.xib */ = {isa = PBXFileReference; lastKnownFileType = file.xib; path = FooterView.xib; sourceTree = "<group>"; };
		84B46BA128FAFF7D0057EF1A /* FooterView.swift */ = {isa = PBXFileReference; lastKnownFileType = sourcecode.swift; path = FooterView.swift; sourceTree = "<group>"; };
		84B46BA328FC2F120057EF1A /* StartVC.swift */ = {isa = PBXFileReference; lastKnownFileType = sourcecode.swift; path = StartVC.swift; sourceTree = "<group>"; };
		84B46BAB28FC4EEA0057EF1A /* SectionHeaderCell.swift */ = {isa = PBXFileReference; lastKnownFileType = sourcecode.swift; path = SectionHeaderCell.swift; sourceTree = "<group>"; };
		C91B20D840F21C68D43F1DB6 /* Pods-Elearning_IOS.release.xcconfig */ = {isa = PBXFileReference; includeInIndex = 1; lastKnownFileType = text.xcconfig; name = "Pods-Elearning_IOS.release.xcconfig"; path = "Target Support Files/Pods-Elearning_IOS/Pods-Elearning_IOS.release.xcconfig"; sourceTree = "<group>"; };
/* End PBXFileReference section */

/* Begin PBXFrameworksBuildPhase section */
		842E15D828FA60E10050F003 /* Frameworks */ = {
			isa = PBXFrameworksBuildPhase;
			buildActionMask = 2147483647;
			files = (
				FC2584880F05CA1F94985D80 /* Pods_Elearning_IOS.framework in Frameworks */,
			);
			runOnlyForDeploymentPostprocessing = 0;
		};
/* End PBXFrameworksBuildPhase section */

/* Begin PBXGroup section */
		1407F7E4A3BCFA4B1F64B75C /* Frameworks */ = {
			isa = PBXGroup;
			children = (
				2D8F6EB4596C3A75041164F5 /* Pods_Elearning_IOS.framework */,
			);
			name = Frameworks;
			sourceTree = "<group>";
		};
		791059A13CE4C945BDD78D0B /* Pods */ = {
			isa = PBXGroup;
			children = (
				369DD9C60F7670B64C19F419 /* Pods-Elearning_IOS.debug.xcconfig */,
				C91B20D840F21C68D43F1DB6 /* Pods-Elearning_IOS.release.xcconfig */,
			);
			name = Pods;
			path = Pods;
			sourceTree = "<group>";
		};
		842E15D228FA60E10050F003 = {
			isa = PBXGroup;
			children = (
				842E15DD28FA60E10050F003 /* Elearning_IOS */,
				842E15DC28FA60E10050F003 /* Products */,
				791059A13CE4C945BDD78D0B /* Pods */,
				1407F7E4A3BCFA4B1F64B75C /* Frameworks */,
			);
			sourceTree = "<group>";
		};
		842E15DC28FA60E10050F003 /* Products */ = {
			isa = PBXGroup;
			children = (
				842E15DB28FA60E10050F003 /* Elearning_IOS.app */,
			);
			name = Products;
			sourceTree = "<group>";
		};
		842E15DD28FA60E10050F003 /* Elearning_IOS */ = {
			isa = PBXGroup;
			children = (
				842E15F328FA625F0050F003 /* Application */,
				842E15F528FA629C0050F003 /* Storyboards */,
				842E15F428FA62700050F003 /* VC+VM */,
				84B46BAA28FC4EA50057EF1A /* TableCells */,
				842E15FA28FA7CC10050F003 /* UIViews */,
				842E15F628FA62B80050F003 /* XIBs */,
				84737BBB28FC6CFA00FFA95B /* Model */,
				842E15F728FA62E90050F003 /* Support */,
				842E15E728FA60E30050F003 /* Assets.xcassets */,
				842E15E928FA60E30050F003 /* LaunchScreen.storyboard */,
			);
			path = Elearning_IOS;
			sourceTree = "<group>";
		};
		842E15F328FA625F0050F003 /* Application */ = {
			isa = PBXGroup;
			children = (
				842E15DE28FA60E10050F003 /* AppDelegate.swift */,
				842E15E028FA60E10050F003 /* SceneDelegate.swift */,
				842E15EC28FA60E30050F003 /* Info.plist */,
			);
			path = Application;
			sourceTree = "<group>";
		};
		842E15F428FA62700050F003 /* VC+VM */ = {
			isa = PBXGroup;
			children = (
				84B46BA628FC39DA0057EF1A /* Lessons */,
				84B46BA728FC39ED0057EF1A /* StartScreen */,
			);
			path = "VC+VM";
			sourceTree = "<group>";
		};
		842E15F528FA629C0050F003 /* Storyboards */ = {
			isa = PBXGroup;
			children = (
				842E15E428FA60E10050F003 /* Main.storyboard */,
			);
			path = Storyboards;
			sourceTree = "<group>";
		};
		842E15F628FA62B80050F003 /* XIBs */ = {
			isa = PBXGroup;
			children = (
				84B46B9E28FAFBF10057EF1A /* Footer */,
				8441AA9828FAABF1005884E0 /* Header */,
			);
			path = XIBs;
			sourceTree = "<group>";
		};
		842E15F728FA62E90050F003 /* Support */ = {
			isa = PBXGroup;
			children = (
				84737BBE28FC6DDC00FFA95B /* DummyData */,
				842E15FD28FA856D0050F003 /* Fonts */,
				842E15F828FA633F0050F003 /* Extensions.swift */,
			);
			path = Support;
			sourceTree = "<group>";
		};
		842E15FA28FA7CC10050F003 /* UIViews */ = {
			isa = PBXGroup;
			children = (
				842E15FB28FA7CF10050F003 /* PlayPauseButton.swift */,
			);
			path = UIViews;
			sourceTree = "<group>";
		};
		842E15FD28FA856D0050F003 /* Fonts */ = {
			isa = PBXGroup;
			children = (
				8441AA9B28FAADFE005884E0 /* Urbanist-SemiBold.ttf */,
				8441AA9D28FAB005005884E0 /* Urbanist-Medium.ttf */,
				842E15FE28FA85AE0050F003 /* Urbanist-Bold.ttf */,
			);
			path = Fonts;
			sourceTree = "<group>";
		};
		8441AA9828FAABF1005884E0 /* Header */ = {
			isa = PBXGroup;
			children = (
				8441AA9928FAAC0C005884E0 /* HeaderView.xib */,
				8441AA9F28FABD06005884E0 /* HeaderView.swift */,
			);
			path = Header;
			sourceTree = "<group>";
		};
		84737BBB28FC6CFA00FFA95B /* Model */ = {
			isa = PBXGroup;
			children = (
				84737BBC28FC6D2A00FFA95B /* SectionInfo.swift */,
				84737BC128FC72A500FFA95B /* LessonsInfo.swift */,
			);
			path = Model;
			sourceTree = "<group>";
		};
		84737BBE28FC6DDC00FFA95B /* DummyData */ = {
			isa = PBXGroup;
			children = (
				84737BBF28FC6DF900FFA95B /* DummyData.swift */,
			);
			path = DummyData;
			sourceTree = "<group>";
		};
		84B46B9E28FAFBF10057EF1A /* Footer */ = {
			isa = PBXGroup;
			children = (
				84B46B9F28FAFC0C0057EF1A /* FooterView.xib */,
				84B46BA128FAFF7D0057EF1A /* FooterView.swift */,
			);
			path = Footer;
			sourceTree = "<group>";
		};
		84B46BA628FC39DA0057EF1A /* Lessons */ = {
			isa = PBXGroup;
			children = (
				842E15E228FA60E10050F003 /* LessonsVC.swift */,
				84737BC328FCA25A00FFA95B /* LessionsVM.swift */,
			);
			path = Lessons;
			sourceTree = "<group>";
		};
		84B46BA728FC39ED0057EF1A /* StartScreen */ = {
			isa = PBXGroup;
			children = (
				84B46BA328FC2F120057EF1A /* StartVC.swift */,
			);
			path = StartScreen;
			sourceTree = "<group>";
		};
		84B46BAA28FC4EA50057EF1A /* TableCells */ = {
			isa = PBXGroup;
			children = (
				84B46BAB28FC4EEA0057EF1A /* SectionHeaderCell.swift */,
				84737BB928FC59E000FFA95B /* TopicsCell.swift */,
			);
			path = TableCells;
			sourceTree = "<group>";
		};
/* End PBXGroup section */

/* Begin PBXNativeTarget section */
		842E15DA28FA60E10050F003 /* Elearning_IOS */ = {
			isa = PBXNativeTarget;
			buildConfigurationList = 842E15EF28FA60E30050F003 /* Build configuration list for PBXNativeTarget "Elearning_IOS" */;
			buildPhases = (
				09E58DBA8D07A90E12281665 /* [CP] Check Pods Manifest.lock */,
				842E15D728FA60E10050F003 /* Sources */,
				842E15D828FA60E10050F003 /* Frameworks */,
				842E15D928FA60E10050F003 /* Resources */,
				543F05380209CAB13CD714A6 /* [CP] Embed Pods Frameworks */,
			);
			buildRules = (
			);
			dependencies = (
			);
			name = Elearning_IOS;
			productName = Elearning_IOS;
			productReference = 842E15DB28FA60E10050F003 /* Elearning_IOS.app */;
			productType = "com.apple.product-type.application";
		};
/* End PBXNativeTarget section */

/* Begin PBXProject section */
		842E15D328FA60E10050F003 /* Project object */ = {
			isa = PBXProject;
			attributes = {
				BuildIndependentTargetsInParallel = 1;
				LastSwiftUpdateCheck = 1400;
				LastUpgradeCheck = 1400;
				TargetAttributes = {
					842E15DA28FA60E10050F003 = {
						CreatedOnToolsVersion = 14.0;
					};
				};
			};
			buildConfigurationList = 842E15D628FA60E10050F003 /* Build configuration list for PBXProject "Elearning_IOS" */;
			compatibilityVersion = "Xcode 13.0";
			developmentRegion = en;
			hasScannedForEncodings = 0;
			knownRegions = (
				en,
				Base,
			);
			mainGroup = 842E15D228FA60E10050F003;
			productRefGroup = 842E15DC28FA60E10050F003 /* Products */;
			projectDirPath = "";
			projectRoot = "";
			targets = (
				842E15DA28FA60E10050F003 /* Elearning_IOS */,
			);
		};
/* End PBXProject section */

/* Begin PBXResourcesBuildPhase section */
		842E15D928FA60E10050F003 /* Resources */ = {
			isa = PBXResourcesBuildPhase;
			buildActionMask = 2147483647;
			files = (
				842E15EB28FA60E30050F003 /* LaunchScreen.storyboard in Resources */,
				84B46BA028FAFC0C0057EF1A /* FooterView.xib in Resources */,
				8441AA9A28FAAC0C005884E0 /* HeaderView.xib in Resources */,
				8441AA9E28FAB005005884E0 /* Urbanist-Medium.ttf in Resources */,
				842E15E828FA60E30050F003 /* Assets.xcassets in Resources */,
				8441AA9C28FAADFE005884E0 /* Urbanist-SemiBold.ttf in Resources */,
				842E15E628FA60E10050F003 /* Main.storyboard in Resources */,
				842E15FF28FA85AE0050F003 /* Urbanist-Bold.ttf in Resources */,
			);
			runOnlyForDeploymentPostprocessing = 0;
		};
/* End PBXResourcesBuildPhase section */

/* Begin PBXShellScriptBuildPhase section */
		09E58DBA8D07A90E12281665 /* [CP] Check Pods Manifest.lock */ = {
			isa = PBXShellScriptBuildPhase;
			buildActionMask = 2147483647;
			files = (
			);
			inputFileListPaths = (
			);
			inputPaths = (
				"${PODS_PODFILE_DIR_PATH}/Podfile.lock",
				"${PODS_ROOT}/Manifest.lock",
			);
			name = "[CP] Check Pods Manifest.lock";
			outputFileListPaths = (
			);
			outputPaths = (
				"$(DERIVED_FILE_DIR)/Pods-Elearning_IOS-checkManifestLockResult.txt",
			);
			runOnlyForDeploymentPostprocessing = 0;
			shellPath = /bin/sh;
			shellScript = "diff \"${PODS_PODFILE_DIR_PATH}/Podfile.lock\" \"${PODS_ROOT}/Manifest.lock\" > /dev/null\nif [ $? != 0 ] ; then\n    # print error to STDERR\n    echo \"error: The sandbox is not in sync with the Podfile.lock. Run 'pod install' or update your CocoaPods installation.\" >&2\n    exit 1\nfi\n# This output is used by Xcode 'outputs' to avoid re-running this script phase.\necho \"SUCCESS\" > \"${SCRIPT_OUTPUT_FILE_0}\"\n";
			showEnvVarsInLog = 0;
		};
		543F05380209CAB13CD714A6 /* [CP] Embed Pods Frameworks */ = {
			isa = PBXShellScriptBuildPhase;
			buildActionMask = 2147483647;
			files = (
			);
			inputFileListPaths = (
				"${PODS_ROOT}/Target Support Files/Pods-Elearning_IOS/Pods-Elearning_IOS-frameworks-${CONFIGURATION}-input-files.xcfilelist",
			);
			name = "[CP] Embed Pods Frameworks";
			outputFileListPaths = (
				"${PODS_ROOT}/Target Support Files/Pods-Elearning_IOS/Pods-Elearning_IOS-frameworks-${CONFIGURATION}-output-files.xcfilelist",
			);
			runOnlyForDeploymentPostprocessing = 0;
			shellPath = /bin/sh;
			shellScript = "\"${PODS_ROOT}/Target Support Files/Pods-Elearning_IOS/Pods-Elearning_IOS-frameworks.sh\"\n";
			showEnvVarsInLog = 0;
		};
/* End PBXShellScriptBuildPhase section */

/* Begin PBXSourcesBuildPhase section */
		842E15D728FA60E10050F003 /* Sources */ = {
			isa = PBXSourcesBuildPhase;
			buildActionMask = 2147483647;
			files = (
				84737BC028FC6DF900FFA95B /* DummyData.swift in Sources */,
				84737BBD28FC6D2A00FFA95B /* SectionInfo.swift in Sources */,
				842E15E328FA60E10050F003 /* LessonsVC.swift in Sources */,
				84B46BA228FAFF7D0057EF1A /* FooterView.swift in Sources */,
				84737BC428FCA25A00FFA95B /* LessionsVM.swift in Sources */,
				8441AAA028FABD06005884E0 /* HeaderView.swift in Sources */,
				84B46BAC28FC4EEA0057EF1A /* SectionHeaderCell.swift in Sources */,
				842E15DF28FA60E10050F003 /* AppDelegate.swift in Sources */,
				84737BBA28FC59E000FFA95B /* TopicsCell.swift in Sources */,
				84737BC228FC72A500FFA95B /* LessonsInfo.swift in Sources */,
				842E15E128FA60E10050F003 /* SceneDelegate.swift in Sources */,
				842E15FC28FA7CF10050F003 /* PlayPauseButton.swift in Sources */,
				842E15F928FA633F0050F003 /* Extensions.swift in Sources */,
				84B46BA428FC2F120057EF1A /* StartVC.swift in Sources */,
			);
			runOnlyForDeploymentPostprocessing = 0;
		};
/* End PBXSourcesBuildPhase section */

/* Begin PBXVariantGroup section */
		842E15E428FA60E10050F003 /* Main.storyboard */ = {
			isa = PBXVariantGroup;
			children = (
				842E15E528FA60E10050F003 /* Base */,
			);
			name = Main.storyboard;
			sourceTree = "<group>";
		};
		842E15E928FA60E30050F003 /* LaunchScreen.storyboard */ = {
			isa = PBXVariantGroup;
			children = (
				842E15EA28FA60E30050F003 /* Base */,
			);
			name = LaunchScreen.storyboard;
			sourceTree = "<group>";
		};
/* End PBXVariantGroup section */

/* Begin XCBuildConfiguration section */
		842E15ED28FA60E30050F003 /* Debug */ = {
			isa = XCBuildConfiguration;
			buildSettings = {
				ALWAYS_SEARCH_USER_PATHS = NO;
				CLANG_ANALYZER_NONNULL = YES;
				CLANG_ANALYZER_NUMBER_OBJECT_CONVERSION = YES_AGGRESSIVE;
				CLANG_CXX_LANGUAGE_STANDARD = "gnu++20";
				CLANG_ENABLE_MODULES = YES;
				CLANG_ENABLE_OBJC_ARC = YES;
				CLANG_ENABLE_OBJC_WEAK = YES;
				CLANG_WARN_BLOCK_CAPTURE_AUTORELEASING = YES;
				CLANG_WARN_BOOL_CONVERSION = YES;
				CLANG_WARN_COMMA = YES;
				CLANG_WARN_CONSTANT_CONVERSION = YES;
				CLANG_WARN_DEPRECATED_OBJC_IMPLEMENTATIONS = YES;
				CLANG_WARN_DIRECT_OBJC_ISA_USAGE = YES_ERROR;
				CLANG_WARN_DOCUMENTATION_COMMENTS = YES;
				CLANG_WARN_EMPTY_BODY = YES;
				CLANG_WARN_ENUM_CONVERSION = YES;
				CLANG_WARN_INFINITE_RECURSION = YES;
				CLANG_WARN_INT_CONVERSION = YES;
				CLANG_WARN_NON_LITERAL_NULL_CONVERSION = YES;
				CLANG_WARN_OBJC_IMPLICIT_RETAIN_SELF = YES;
				CLANG_WARN_OBJC_LITERAL_CONVERSION = YES;
				CLANG_WARN_OBJC_ROOT_CLASS = YES_ERROR;
				CLANG_WARN_QUOTED_INCLUDE_IN_FRAMEWORK_HEADER = YES;
				CLANG_WARN_RANGE_LOOP_ANALYSIS = YES;
				CLANG_WARN_STRICT_PROTOTYPES = YES;
				CLANG_WARN_SUSPICIOUS_MOVE = YES;
				CLANG_WARN_UNGUARDED_AVAILABILITY = YES_AGGRESSIVE;
				CLANG_WARN_UNREACHABLE_CODE = YES;
				CLANG_WARN__DUPLICATE_METHOD_MATCH = YES;
				COPY_PHASE_STRIP = NO;
				DEBUG_INFORMATION_FORMAT = dwarf;
				ENABLE_STRICT_OBJC_MSGSEND = YES;
				ENABLE_TESTABILITY = YES;
				GCC_C_LANGUAGE_STANDARD = gnu11;
				GCC_DYNAMIC_NO_PIC = NO;
				GCC_NO_COMMON_BLOCKS = YES;
				GCC_OPTIMIZATION_LEVEL = 0;
				GCC_PREPROCESSOR_DEFINITIONS = (
					"DEBUG=1",
					"$(inherited)",
				);
				GCC_WARN_64_TO_32_BIT_CONVERSION = YES;
				GCC_WARN_ABOUT_RETURN_TYPE = YES_ERROR;
				GCC_WARN_UNDECLARED_SELECTOR = YES;
				GCC_WARN_UNINITIALIZED_AUTOS = YES_AGGRESSIVE;
				GCC_WARN_UNUSED_FUNCTION = YES;
				GCC_WARN_UNUSED_VARIABLE = YES;
				IPHONEOS_DEPLOYMENT_TARGET = 16.0;
				MTL_ENABLE_DEBUG_INFO = INCLUDE_SOURCE;
				MTL_FAST_MATH = YES;
				ONLY_ACTIVE_ARCH = YES;
				SDKROOT = iphoneos;
				SWIFT_ACTIVE_COMPILATION_CONDITIONS = DEBUG;
				SWIFT_OPTIMIZATION_LEVEL = "-Onone";
			};
			name = Debug;
		};
		842E15EE28FA60E30050F003 /* Release */ = {
			isa = XCBuildConfiguration;
			buildSettings = {
				ALWAYS_SEARCH_USER_PATHS = NO;
				CLANG_ANALYZER_NONNULL = YES;
				CLANG_ANALYZER_NUMBER_OBJECT_CONVERSION = YES_AGGRESSIVE;
				CLANG_CXX_LANGUAGE_STANDARD = "gnu++20";
				CLANG_ENABLE_MODULES = YES;
				CLANG_ENABLE_OBJC_ARC = YES;
				CLANG_ENABLE_OBJC_WEAK = YES;
				CLANG_WARN_BLOCK_CAPTURE_AUTORELEASING = YES;
				CLANG_WARN_BOOL_CONVERSION = YES;
				CLANG_WARN_COMMA = YES;
				CLANG_WARN_CONSTANT_CONVERSION = YES;
				CLANG_WARN_DEPRECATED_OBJC_IMPLEMENTATIONS = YES;
				CLANG_WARN_DIRECT_OBJC_ISA_USAGE = YES_ERROR;
				CLANG_WARN_DOCUMENTATION_COMMENTS = YES;
				CLANG_WARN_EMPTY_BODY = YES;
				CLANG_WARN_ENUM_CONVERSION = YES;
				CLANG_WARN_INFINITE_RECURSION = YES;
				CLANG_WARN_INT_CONVERSION = YES;
				CLANG_WARN_NON_LITERAL_NULL_CONVERSION = YES;
				CLANG_WARN_OBJC_IMPLICIT_RETAIN_SELF = YES;
				CLANG_WARN_OBJC_LITERAL_CONVERSION = YES;
				CLANG_WARN_OBJC_ROOT_CLASS = YES_ERROR;
				CLANG_WARN_QUOTED_INCLUDE_IN_FRAMEWORK_HEADER = YES;
				CLANG_WARN_RANGE_LOOP_ANALYSIS = YES;
				CLANG_WARN_STRICT_PROTOTYPES = YES;
				CLANG_WARN_SUSPICIOUS_MOVE = YES;
				CLANG_WARN_UNGUARDED_AVAILABILITY = YES_AGGRESSIVE;
				CLANG_WARN_UNREACHABLE_CODE = YES;
				CLANG_WARN__DUPLICATE_METHOD_MATCH = YES;
				COPY_PHASE_STRIP = NO;
				DEBUG_INFORMATION_FORMAT = "dwarf-with-dsym";
				ENABLE_NS_ASSERTIONS = NO;
				ENABLE_STRICT_OBJC_MSGSEND = YES;
				GCC_C_LANGUAGE_STANDARD = gnu11;
				GCC_NO_COMMON_BLOCKS = YES;
				GCC_WARN_64_TO_32_BIT_CONVERSION = YES;
				GCC_WARN_ABOUT_RETURN_TYPE = YES_ERROR;
				GCC_WARN_UNDECLARED_SELECTOR = YES;
				GCC_WARN_UNINITIALIZED_AUTOS = YES_AGGRESSIVE;
				GCC_WARN_UNUSED_FUNCTION = YES;
				GCC_WARN_UNUSED_VARIABLE = YES;
				IPHONEOS_DEPLOYMENT_TARGET = 16.0;
				MTL_ENABLE_DEBUG_INFO = NO;
				MTL_FAST_MATH = YES;
				SDKROOT = iphoneos;
				SWIFT_COMPILATION_MODE = wholemodule;
				SWIFT_OPTIMIZATION_LEVEL = "-O";
				VALIDATE_PRODUCT = YES;
			};
			name = Release;
		};
		842E15F028FA60E30050F003 /* Debug */ = {
			isa = XCBuildConfiguration;
			baseConfigurationReference = 369DD9C60F7670B64C19F419 /* Pods-Elearning_IOS.debug.xcconfig */;
			buildSettings = {
				ASSETCATALOG_COMPILER_APPICON_NAME = AppIcon;
				ASSETCATALOG_COMPILER_GLOBAL_ACCENT_COLOR_NAME = AccentColor;
				CODE_SIGN_STYLE = Automatic;
				CURRENT_PROJECT_VERSION = 1;
				GENERATE_INFOPLIST_FILE = YES;
				INFOPLIST_FILE = "$(SRCROOT)/Elearning_IOS/Application/Info.plist";
				INFOPLIST_KEY_LSApplicationCategoryType = "public.app-category.education";
				INFOPLIST_KEY_UIApplicationSupportsIndirectInputEvents = YES;
				INFOPLIST_KEY_UILaunchStoryboardName = LaunchScreen.storyboard;
				INFOPLIST_KEY_UIMainStoryboardFile = Main;
				INFOPLIST_KEY_UISupportedInterfaceOrientations_iPad = "UIInterfaceOrientationPortrait UIInterfaceOrientationPortraitUpsideDown UIInterfaceOrientationLandscapeLeft UIInterfaceOrientationLandscapeRight";
				INFOPLIST_KEY_UISupportedInterfaceOrientations_iPhone = "UIInterfaceOrientationPortrait UIInterfaceOrientationLandscapeLeft UIInterfaceOrientationLandscapeRight";
				IPHONEOS_DEPLOYMENT_TARGET = 15.0;
				LD_RUNPATH_SEARCH_PATHS = (
					"$(inherited)",
					"@executable_path/Frameworks",
				);
				MARKETING_VERSION = 1.0;
				PRODUCT_BUNDLE_IDENTIFIER = "Achitha-Sandaruwan.Elearning-IOS";
				PRODUCT_NAME = "$(TARGET_NAME)";
				SWIFT_EMIT_LOC_STRINGS = YES;
				SWIFT_VERSION = 5.0;
				TARGETED_DEVICE_FAMILY = "1,2";
			};
			name = Debug;
		};
		842E15F128FA60E30050F003 /* Release */ = {
			isa = XCBuildConfiguration;
			baseConfigurationReference = C91B20D840F21C68D43F1DB6 /* Pods-Elearning_IOS.release.xcconfig */;
			buildSettings = {
				ASSETCATALOG_COMPILER_APPICON_NAME = AppIcon;
				ASSETCATALOG_COMPILER_GLOBAL_ACCENT_COLOR_NAME = AccentColor;
				CODE_SIGN_STYLE = Automatic;
				CURRENT_PROJECT_VERSION = 1;
				GENERATE_INFOPLIST_FILE = YES;
				INFOPLIST_FILE = "$(SRCROOT)/Elearning_IOS/Application/Info.plist";
				INFOPLIST_KEY_LSApplicationCategoryType = "public.app-category.education";
				INFOPLIST_KEY_UIApplicationSupportsIndirectInputEvents = YES;
				INFOPLIST_KEY_UILaunchStoryboardName = LaunchScreen.storyboard;
				INFOPLIST_KEY_UIMainStoryboardFile = Main;
				INFOPLIST_KEY_UISupportedInterfaceOrientations_iPad = "UIInterfaceOrientationPortrait UIInterfaceOrientationPortraitUpsideDown UIInterfaceOrientationLandscapeLeft UIInterfaceOrientationLandscapeRight";
				INFOPLIST_KEY_UISupportedInterfaceOrientations_iPhone = "UIInterfaceOrientationPortrait UIInterfaceOrientationLandscapeLeft UIInterfaceOrientationLandscapeRight";
				IPHONEOS_DEPLOYMENT_TARGET = 15.0;
				LD_RUNPATH_SEARCH_PATHS = (
					"$(inherited)",
					"@executable_path/Frameworks",
				);
				MARKETING_VERSION = 1.0;
				PRODUCT_BUNDLE_IDENTIFIER = "Achitha-Sandaruwan.Elearning-IOS";
				PRODUCT_NAME = "$(TARGET_NAME)";
				SWIFT_EMIT_LOC_STRINGS = YES;
				SWIFT_VERSION = 5.0;
				TARGETED_DEVICE_FAMILY = "1,2";
			};
			name = Release;
		};
/* End XCBuildConfiguration section */

/* Begin XCConfigurationList section */
		842E15D628FA60E10050F003 /* Build configuration list for PBXProject "Elearning_IOS" */ = {
			isa = XCConfigurationList;
			buildConfigurations = (
				842E15ED28FA60E30050F003 /* Debug */,
				842E15EE28FA60E30050F003 /* Release */,
			);
			defaultConfigurationIsVisible = 0;
			defaultConfigurationName = Release;
		};
		842E15EF28FA60E30050F003 /* Build configuration list for PBXNativeTarget "Elearning_IOS" */ = {
			isa = XCConfigurationList;
			buildConfigurations = (
				842E15F028FA60E30050F003 /* Debug */,
				842E15F128FA60E30050F003 /* Release */,
			);
			defaultConfigurationIsVisible = 0;
			defaultConfigurationName = Release;
		};
/* End XCConfigurationList section */
	};
	rootObject = 842E15D328FA60E10050F003 /* Project object */;
}
